// !$*UTF8*$!
{
	archiveVersion = 1;
	classes = {
	};
	objectVersion = 46;
	objects = {

/* Begin PBXBuildFile section */
		29F555731CA9697900F2BF8C /* Account.cpp in Sources */ = {isa = PBXBuildFile; fileRef = 29F5556A1CA9697900F2BF8C /* Account.cpp */; };
		29F555741CA9697900F2BF8C /* Bank.cpp in Sources */ = {isa = PBXBuildFile; fileRef = 29F5556C1CA9697900F2BF8C /* Bank.cpp */; };
		29F555751CA9697900F2BF8C /* CheckingAccount.cpp in Sources */ = {isa = PBXBuildFile; fileRef = 29F5556E1CA9697900F2BF8C /* CheckingAccount.cpp */; };
		29F555761CA9697900F2BF8C /* SavingsAccount.cpp in Sources */ = {isa = PBXBuildFile; fileRef = 29F555701CA9697900F2BF8C /* SavingsAccount.cpp */; };
		29F555771CA9697900F2BF8C /* Source.cpp in Sources */ = {isa = PBXBuildFile; fileRef = 29F555721CA9697900F2BF8C /* Source.cpp */; };
/* End PBXBuildFile section */

/* Begin PBXCopyFilesBuildPhase section */
		29F5555E1CA9694D00F2BF8C /* CopyFiles */ = {
			isa = PBXCopyFilesBuildPhase;
			buildActionMask = 2147483647;
			dstPath = /usr/share/man/man1/;
			dstSubfolderSpec = 0;
			files = (
			);
			runOnlyForDeploymentPostprocessing = 1;
		};
/* End PBXCopyFilesBuildPhase section */

/* Begin PBXFileReference section */
		29F555601CA9694D00F2BF8C /* LabWork21 */ = {isa = PBXFileReference; explicitFileType = "compiled.mach-o.executable"; includeInIndex = 0; path = LabWork21; sourceTree = BUILT_PRODUCTS_DIR; };
		29F5556A1CA9697900F2BF8C /* Account.cpp */ = {isa = PBXFileReference; fileEncoding = 4; lastKnownFileType = sourcecode.cpp.cpp; name = Account.cpp; path = ../../../../../../../../Downloads/bank/Account.cpp; sourceTree = "<group>"; };
		29F5556B1CA9697900F2BF8C /* Account.h */ = {isa = PBXFileReference; fileEncoding = 4; lastKnownFileType = sourcecode.c.h; name = Account.h; path = ../../../../../../../../Downloads/bank/Account.h; sourceTree = "<group>"; };
		29F5556C1CA9697900F2BF8C /* Bank.cpp */ = {isa = PBXFileReference; fileEncoding = 4; lastKnownFileType = sourcecode.cpp.cpp; name = Bank.cpp; path = ../../../../../../../../Downloads/bank/Bank.cpp; sourceTree = "<group>"; };
		29F5556D1CA9697900F2BF8C /* Bank.h */ = {isa = PBXFileReference; fileEncoding = 4; lastKnownFileType = sourcecode.c.h; name = Bank.h; path = ../../../../../../../../Downloads/bank/Bank.h; sourceTree = "<group>"; };
		29F5556E1CA9697900F2BF8C /* CheckingAccount.cpp */ = {isa = PBXFileReference; fileEncoding = 4; lastKnownFileType = sourcecode.cpp.cpp; name = CheckingAccount.cpp; path = ../../../../../../../../Downloads/bank/CheckingAccount.cpp; sourceTree = "<group>"; };
		29F5556F1CA9697900F2BF8C /* CheckingAccount.h */ = {isa = PBXFileReference; fileEncoding = 4; lastKnownFileType = sourcecode.c.h; name = CheckingAccount.h; path = ../../../../../../../../Downloads/bank/CheckingAccount.h; sourceTree = "<group>"; };
		29F555701CA9697900F2BF8C /* SavingsAccount.cpp */ = {isa = PBXFileReference; fileEncoding = 4; lastKnownFileType = sourcecode.cpp.cpp; name = SavingsAccount.cpp; path = ../../../../../../../../Downloads/bank/SavingsAccount.cpp; sourceTree = "<group>"; };
		29F555711CA9697900F2BF8C /* SavingsAccount.h */ = {isa = PBXFileReference; fileEncoding = 4; lastKnownFileType = sourcecode.c.h; name = SavingsAccount.h; path = ../../../../../../../../Downloads/bank/SavingsAccount.h; sourceTree = "<group>"; };
		29F555721CA9697900F2BF8C /* Source.cpp */ = {isa = PBXFileReference; fileEncoding = 4; lastKnownFileType = sourcecode.cpp.cpp; name = Source.cpp; path = ../../../../../../../../Downloads/bank/Source.cpp; sourceTree = "<group>"; };
/* End PBXFileReference section */

/* Begin PBXFrameworksBuildPhase section */
		29F5555D1CA9694D00F2BF8C /* Frameworks */ = {
			isa = PBXFrameworksBuildPhase;
			buildActionMask = 2147483647;
			files = (
			);
			runOnlyForDeploymentPostprocessing = 0;
		};
/* End PBXFrameworksBuildPhase section */

/* Begin PBXGroup section */
		29F555571CA9694D00F2BF8C = {
			isa = PBXGroup;
			children = (
				29F555621CA9694D00F2BF8C /* LabWork21 */,
				29F555611CA9694D00F2BF8C /* Products */,
			);
			sourceTree = "<group>";
		};
		29F555611CA9694D00F2BF8C /* Products */ = {
			isa = PBXGroup;
			children = (
				29F555601CA9694D00F2BF8C /* LabWork21 */,
			);
			name = Products;
			sourceTree = "<group>";
		};
		29F555621CA9694D00F2BF8C /* LabWork21 */ = {
			isa = PBXGroup;
			children = (
				29F5556A1CA9697900F2BF8C /* Account.cpp */,
				29F5556B1CA9697900F2BF8C /* Account.h */,
				29F5556C1CA9697900F2BF8C /* Bank.cpp */,
				29F5556D1CA9697900F2BF8C /* Bank.h */,
				29F5556E1CA9697900F2BF8C /* CheckingAccount.cpp */,
				29F5556F1CA9697900F2BF8C /* CheckingAccount.h */,
				29F555701CA9697900F2BF8C /* SavingsAccount.cpp */,
				29F555711CA9697900F2BF8C /* SavingsAccount.h */,
				29F555721CA9697900F2BF8C /* Source.cpp */,
			);
			path = LabWork21;
			sourceTree = "<group>";
		};
/* End PBXGroup section */

/* Begin PBXNativeTarget section */
		29F5555F1CA9694D00F2BF8C /* LabWork21 */ = {
			isa = PBXNativeTarget;
			buildConfigurationList = 29F555671CA9694D00F2BF8C /* Build configuration list for PBXNativeTarget "LabWork21" */;
			buildPhases = (
				29F5555C1CA9694D00F2BF8C /* Sources */,
				29F5555D1CA9694D00F2BF8C /* Frameworks */,
				29F5555E1CA9694D00F2BF8C /* CopyFiles */,
			);
			buildRules = (
			);
			dependencies = (
			);
			name = LabWork21;
			productName = LabWork21;
			productReference = 29F555601CA9694D00F2BF8C /* LabWork21 */;
			productType = "com.apple.product-type.tool";
		};
/* End PBXNativeTarget section */

/* Begin PBXProject section */
		29F555581CA9694D00F2BF8C /* Project object */ = {
			isa = PBXProject;
			attributes = {
				LastUpgradeCheck = 0730;
				ORGANIZATIONNAME = "Julian Tiu";
				TargetAttributes = {
					29F5555F1CA9694D00F2BF8C = {
						CreatedOnToolsVersion = 7.3;
					};
				};
			};
			buildConfigurationList = 29F5555B1CA9694D00F2BF8C /* Build configuration list for PBXProject "LabWork21" */;
			compatibilityVersion = "Xcode 3.2";
			developmentRegion = English;
			hasScannedForEncodings = 0;
			knownRegions = (
				en,
			);
			mainGroup = 29F555571CA9694D00F2BF8C;
			productRefGroup = 29F555611CA9694D00F2BF8C /* Products */;
			projectDirPath = "";
			projectRoot = "";
			targets = (
				29F5555F1CA9694D00F2BF8C /* LabWork21 */,
			);
		};
/* End PBXProject section */

/* Begin PBXSourcesBuildPhase section */
		29F5555C1CA9694D00F2BF8C /* Sources */ = {
			isa = PBXSourcesBuildPhase;
			buildActionMask = 2147483647;
			files = (
				29F555741CA9697900F2BF8C /* Bank.cpp in Sources */,
				29F555751CA9697900F2BF8C /* CheckingAccount.cpp in Sources */,
				29F555761CA9697900F2BF8C /* SavingsAccount.cpp in Sources */,
				29F555771CA9697900F2BF8C /* Source.cpp in Sources */,
				29F555731CA9697900F2BF8C /* Account.cpp in Sources */,
			);
			runOnlyForDeploymentPostprocessing = 0;
		};
/* End PBXSourcesBuildPhase section */

/* Begin XCBuildConfiguration section */
		29F555651CA9694D00F2BF8C /* Debug */ = {
			isa = XCBuildConfiguration;
			buildSettings = {
				ALWAYS_SEARCH_USER_PATHS = NO;
				CLANG_ANALYZER_NONNULL = YES;
				CLANG_CXX_LANGUAGE_STANDARD = "gnu++0x";
				CLANG_CXX_LIBRARY = "libc++";
				CLANG_ENABLE_MODULES = YES;
				CLANG_ENABLE_OBJC_ARC = YES;
				CLANG_WARN_BOOL_CONVERSION = YES;
				CLANG_WARN_CONSTANT_CONVERSION = YES;
				CLANG_WARN_DIRECT_OBJC_ISA_USAGE = YES_ERROR;
				CLANG_WARN_EMPTY_BODY = YES;
				CLANG_WARN_ENUM_CONVERSION = YES;
				CLANG_WARN_INT_CONVERSION = YES;
				CLANG_WARN_OBJC_ROOT_CLASS = YES_ERROR;
				CLANG_WARN_UNREACHABLE_CODE = YES;
				CLANG_WARN__DUPLICATE_METHOD_MATCH = YES;
				CODE_SIGN_IDENTITY = "-";
				COPY_PHASE_STRIP = NO;
				DEBUG_INFORMATION_FORMAT = dwarf;
				ENABLE_STRICT_OBJC_MSGSEND = YES;
				ENABLE_TESTABILITY = YES;
				GCC_C_LANGUAGE_STANDARD = gnu99;
				GCC_DYNAMIC_NO_PIC = NO;
				GCC_NO_COMMON_BLOCKS = YES;
				GCC_OPTIMIZATION_LEVEL = 0;
				GCC_PREPROCESSOR_DEFINITIONS = (
					"DEBUG=1",
					"$(inherited)",
				);
				GCC_WARN_64_TO_32_BIT_CONVERSION = YES;
				GCC_WARN_ABOUT_RETURN_TYPE = YES_ERROR;
				GCC_WARN_UNDECLARED_SELECTOR = YES;
				GCC_WARN_UNINITIALIZED_AUTOS = YES_AGGRESSIVE;
				GCC_WARN_UNUSED_FUNCTION = YES;
				GCC_WARN_UNUSED_VARIABLE = YES;
				MACOSX_DEPLOYMENT_TARGET = 10.11;
				MTL_ENABLE_DEBUG_INFO = YES;
				ONLY_ACTIVE_ARCH = YES;
				SDKROOT = macosx;
			};
			name = Debug;
		};
		29F555661CA9694D00F2BF8C /* Release */ = {
			isa = XCBuildConfiguration;
			buildSettings = {
				ALWAYS_SEARCH_USER_PATHS = NO;
				CLANG_ANALYZER_NONNULL = YES;
				CLANG_CXX_LANGUAGE_STANDARD = "gnu++0x";
				CLANG_CXX_LIBRARY = "libc++";
				CLANG_ENABLE_MODULES = YES;
				CLANG_ENABLE_OBJC_ARC = YES;
				CLANG_WARN_BOOL_CONVERSION = YES;
				CLANG_WARN_CONSTANT_CONVERSION = YES;
				CLANG_WARN_DIRECT_OBJC_ISA_USAGE = YES_ERROR;
				CLANG_WARN_EMPTY_BODY = YES;
				CLANG_WARN_ENUM_CONVERSION = YES;
				CLANG_WARN_INT_CONVERSION = YES;
				CLANG_WARN_OBJC_ROOT_CLASS = YES_ERROR;
				CLANG_WARN_UNREACHABLE_CODE = YES;
				CLANG_WARN__DUPLICATE_METHOD_MATCH = YES;
				CODE_SIGN_IDENTITY = "-";
				COPY_PHASE_STRIP = NO;
				DEBUG_INFORMATION_FORMAT = "dwarf-with-dsym";
				ENABLE_NS_ASSERTIONS = NO;
				ENABLE_STRICT_OBJC_MSGSEND = YES;
				GCC_C_LANGUAGE_STANDARD = gnu99;
				GCC_NO_COMMON_BLOCKS = YES;
				GCC_WARN_64_TO_32_BIT_CONVERSION = YES;
				GCC_WARN_ABOUT_RETURN_TYPE = YES_ERROR;
				GCC_WARN_UNDECLARED_SELECTOR = YES;
				GCC_WARN_UNINITIALIZED_AUTOS = YES_AGGRESSIVE;
				GCC_WARN_UNUSED_FUNCTION = YES;
				GCC_WARN_UNUSED_VARIABLE = YES;
				MACOSX_DEPLOYMENT_TARGET = 10.11;
				MTL_ENABLE_DEBUG_INFO = NO;
				SDKROOT = macosx;
			};
			name = Release;
		};
		29F555681CA9694D00F2BF8C /* Debug */ = {
			isa = XCBuildConfiguration;
			buildSettings = {
				PRODUCT_NAME = "$(TARGET_NAME)";
			};
			name = Debug;
		};
		29F555691CA9694D00F2BF8C /* Release */ = {
			isa = XCBuildConfiguration;
			buildSettings = {
				PRODUCT_NAME = "$(TARGET_NAME)";
			};
			name = Release;
		};
/* End XCBuildConfiguration section */

/* Begin XCConfigurationList section */
		29F5555B1CA9694D00F2BF8C /* Build configuration list for PBXProject "LabWork21" */ = {
			isa = XCConfigurationList;
			buildConfigurations = (
				29F555651CA9694D00F2BF8C /* Debug */,
				29F555661CA9694D00F2BF8C /* Release */,
			);
			defaultConfigurationIsVisible = 0;
			defaultConfigurationName = Release;
		};
		29F555671CA9694D00F2BF8C /* Build configuration list for PBXNativeTarget "LabWork21" */ = {
			isa = XCConfigurationList;
			buildConfigurations = (
				29F555681CA9694D00F2BF8C /* Debug */,
				29F555691CA9694D00F2BF8C /* Release */,
			);
			defaultConfigurationIsVisible = 0;
		};
/* End XCConfigurationList section */
	};
	rootObject = 29F555581CA9694D00F2BF8C /* Project object */;
}
