// !$*UTF8*$!
{
	archiveVersion = 1;
	classes = {
	};
	objectVersion = 46;
	objects = {

/* Begin PBXBuildFile section */
		2928A6F61CAC122F0071D5BB /* Circle.cpp in Sources */ = {isa = PBXBuildFile; fileRef = 2928A6F01CAC122F0071D5BB /* Circle.cpp */; };
		2928A6F71CAC122F0071D5BB /* Main.cpp in Sources */ = {isa = PBXBuildFile; fileRef = 2928A6F21CAC122F0071D5BB /* Main.cpp */; };
		2928A6F81CAC122F0071D5BB /* Rectangle.cpp in Sources */ = {isa = PBXBuildFile; fileRef = 2928A6F31CAC122F0071D5BB /* Rectangle.cpp */; };
		2928A6FC1CAC180C0071D5BB /* Triangle.cpp in Sources */ = {isa = PBXBuildFile; fileRef = 2928A6FA1CAC180C0071D5BB /* Triangle.cpp */; };
/* End PBXBuildFile section */

/* Begin PBXCopyFilesBuildPhase section */
		2928A6E41CAC12220071D5BB /* CopyFiles */ = {
			isa = PBXCopyFilesBuildPhase;
			buildActionMask = 2147483647;
			dstPath = /usr/share/man/man1/;
			dstSubfolderSpec = 0;
			files = (
			);
			runOnlyForDeploymentPostprocessing = 1;
		};
/* End PBXCopyFilesBuildPhase section */

/* Begin PBXFileReference section */
		2928A6E61CAC12220071D5BB /* LabWork23 */ = {isa = PBXFileReference; explicitFileType = "compiled.mach-o.executable"; includeInIndex = 0; path = LabWork23; sourceTree = BUILT_PRODUCTS_DIR; };
		2928A6F01CAC122F0071D5BB /* Circle.cpp */ = {isa = PBXFileReference; fileEncoding = 4; lastKnownFileType = sourcecode.cpp.cpp; name = Circle.cpp; path = ../../../../../../../../Downloads/Misc/shapes/Circle.cpp; sourceTree = "<group>"; };
		2928A6F11CAC122F0071D5BB /* Circle.h */ = {isa = PBXFileReference; fileEncoding = 4; lastKnownFileType = sourcecode.c.h; name = Circle.h; path = ../../../../../../../../Downloads/Misc/shapes/Circle.h; sourceTree = "<group>"; };
		2928A6F21CAC122F0071D5BB /* Main.cpp */ = {isa = PBXFileReference; fileEncoding = 4; lastKnownFileType = sourcecode.cpp.cpp; name = Main.cpp; path = ../../../../../../../../Downloads/Misc/shapes/Main.cpp; sourceTree = "<group>"; };
		2928A6F31CAC122F0071D5BB /* Rectangle.cpp */ = {isa = PBXFileReference; fileEncoding = 4; lastKnownFileType = sourcecode.cpp.cpp; name = Rectangle.cpp; path = ../../../../../../../../Downloads/Misc/shapes/Rectangle.cpp; sourceTree = "<group>"; };
		2928A6F41CAC122F0071D5BB /* Rectangle.h */ = {isa = PBXFileReference; fileEncoding = 4; lastKnownFileType = sourcecode.c.h; name = Rectangle.h; path = ../../../../../../../../Downloads/Misc/shapes/Rectangle.h; sourceTree = "<group>"; };
		2928A6F51CAC122F0071D5BB /* Shape.h */ = {isa = PBXFileReference; fileEncoding = 4; lastKnownFileType = sourcecode.c.h; name = Shape.h; path = ../../../../../../../../Downloads/Misc/shapes/Shape.h; sourceTree = "<group>"; };
		2928A6F91CAC156E0071D5BB /* Triangle.h */ = {isa = PBXFileReference; lastKnownFileType = sourcecode.c.h; path = Triangle.h; sourceTree = "<group>"; };
		2928A6FA1CAC180C0071D5BB /* Triangle.cpp */ = {isa = PBXFileReference; fileEncoding = 4; lastKnownFileType = sourcecode.cpp.cpp; path = Triangle.cpp; sourceTree = "<group>"; };
/* End PBXFileReference section */

/* Begin PBXFrameworksBuildPhase section */
		2928A6E31CAC12220071D5BB /* Frameworks */ = {
			isa = PBXFrameworksBuildPhase;
			buildActionMask = 2147483647;
			files = (
			);
			runOnlyForDeploymentPostprocessing = 0;
		};
/* End PBXFrameworksBuildPhase section */

/* Begin PBXGroup section */
		2928A6DD1CAC12220071D5BB = {
			isa = PBXGroup;
			children = (
				2928A6E81CAC12220071D5BB /* LabWork23 */,
				2928A6E71CAC12220071D5BB /* Products */,
			);
			sourceTree = "<group>";
		};
		2928A6E71CAC12220071D5BB /* Products */ = {
			isa = PBXGroup;
			children = (
				2928A6E61CAC12220071D5BB /* LabWork23 */,
			);
			name = Products;
			sourceTree = "<group>";
		};
		2928A6E81CAC12220071D5BB /* LabWork23 */ = {
			isa = PBXGroup;
			children = (
				2928A6F01CAC122F0071D5BB /* Circle.cpp */,
				2928A6F11CAC122F0071D5BB /* Circle.h */,
				2928A6F31CAC122F0071D5BB /* Rectangle.cpp */,
				2928A6F41CAC122F0071D5BB /* Rectangle.h */,
				2928A6FA1CAC180C0071D5BB /* Triangle.cpp */,
				2928A6F91CAC156E0071D5BB /* Triangle.h */,
				2928A6F51CAC122F0071D5BB /* Shape.h */,
				2928A6F21CAC122F0071D5BB /* Main.cpp */,
			);
			path = LabWork23;
			sourceTree = "<group>";
		};
/* End PBXGroup section */

/* Begin PBXNativeTarget section */
		2928A6E51CAC12220071D5BB /* LabWork23 */ = {
			isa = PBXNativeTarget;
			buildConfigurationList = 2928A6ED1CAC12220071D5BB /* Build configuration list for PBXNativeTarget "LabWork23" */;
			buildPhases = (
				2928A6E21CAC12220071D5BB /* Sources */,
				2928A6E31CAC12220071D5BB /* Frameworks */,
				2928A6E41CAC12220071D5BB /* CopyFiles */,
			);
			buildRules = (
			);
			dependencies = (
			);
			name = LabWork23;
			productName = LabWork23;
			productReference = 2928A6E61CAC12220071D5BB /* LabWork23 */;
			productType = "com.apple.product-type.tool";
		};
/* End PBXNativeTarget section */

/* Begin PBXProject section */
		2928A6DE1CAC12220071D5BB /* Project object */ = {
			isa = PBXProject;
			attributes = {
				LastUpgradeCheck = 0730;
				ORGANIZATIONNAME = "Julian Tiu";
				TargetAttributes = {
					2928A6E51CAC12220071D5BB = {
						CreatedOnToolsVersion = 7.3;
					};
				};
			};
			buildConfigurationList = 2928A6E11CAC12220071D5BB /* Build configuration list for PBXProject "LabWork23" */;
			compatibilityVersion = "Xcode 3.2";
			developmentRegion = English;
			hasScannedForEncodings = 0;
			knownRegions = (
				en,
			);
			mainGroup = 2928A6DD1CAC12220071D5BB;
			productRefGroup = 2928A6E71CAC12220071D5BB /* Products */;
			projectDirPath = "";
			projectRoot = "";
			targets = (
				2928A6E51CAC12220071D5BB /* LabWork23 */,
			);
		};
/* End PBXProject section */

/* Begin PBXSourcesBuildPhase section */
		2928A6E21CAC12220071D5BB /* Sources */ = {
			isa = PBXSourcesBuildPhase;
			buildActionMask = 2147483647;
			files = (
				2928A6F71CAC122F0071D5BB /* Main.cpp in Sources */,
				2928A6F61CAC122F0071D5BB /* Circle.cpp in Sources */,
				2928A6F81CAC122F0071D5BB /* Rectangle.cpp in Sources */,
				2928A6FC1CAC180C0071D5BB /* Triangle.cpp in Sources */,
			);
			runOnlyForDeploymentPostprocessing = 0;
		};
/* End PBXSourcesBuildPhase section */

/* Begin XCBuildConfiguration section */
		2928A6EB1CAC12220071D5BB /* Debug */ = {
			isa = XCBuildConfiguration;
			buildSettings = {
				ALWAYS_SEARCH_USER_PATHS = NO;
				CLANG_ANALYZER_NONNULL = YES;
				CLANG_CXX_LANGUAGE_STANDARD = "gnu++0x";
				CLANG_CXX_LIBRARY = "libc++";
				CLANG_ENABLE_MODULES = YES;
				CLANG_ENABLE_OBJC_ARC = YES;
				CLANG_WARN_BOOL_CONVERSION = YES;
				CLANG_WARN_CONSTANT_CONVERSION = YES;
				CLANG_WARN_DIRECT_OBJC_ISA_USAGE = YES_ERROR;
				CLANG_WARN_EMPTY_BODY = YES;
				CLANG_WARN_ENUM_CONVERSION = YES;
				CLANG_WARN_INT_CONVERSION = YES;
				CLANG_WARN_OBJC_ROOT_CLASS = YES_ERROR;
				CLANG_WARN_UNREACHABLE_CODE = YES;
				CLANG_WARN__DUPLICATE_METHOD_MATCH = YES;
				CODE_SIGN_IDENTITY = "-";
				COPY_PHASE_STRIP = NO;
				DEBUG_INFORMATION_FORMAT = dwarf;
				ENABLE_STRICT_OBJC_MSGSEND = YES;
				ENABLE_TESTABILITY = YES;
				GCC_C_LANGUAGE_STANDARD = gnu99;
				GCC_DYNAMIC_NO_PIC = NO;
				GCC_NO_COMMON_BLOCKS = YES;
				GCC_OPTIMIZATION_LEVEL = 0;
				GCC_PREPROCESSOR_DEFINITIONS = (
					"DEBUG=1",
					"$(inherited)",
				);
				GCC_WARN_64_TO_32_BIT_CONVERSION = YES;
				GCC_WARN_ABOUT_RETURN_TYPE = YES_ERROR;
				GCC_WARN_UNDECLARED_SELECTOR = YES;
				GCC_WARN_UNINITIALIZED_AUTOS = YES_AGGRESSIVE;
				GCC_WARN_UNUSED_FUNCTION = YES;
				GCC_WARN_UNUSED_VARIABLE = YES;
				MACOSX_DEPLOYMENT_TARGET = 10.11;
				MTL_ENABLE_DEBUG_INFO = YES;
				ONLY_ACTIVE_ARCH = YES;
				SDKROOT = macosx;
			};
			name = Debug;
		};
		2928A6EC1CAC12220071D5BB /* Release */ = {
			isa = XCBuildConfiguration;
			buildSettings = {
				ALWAYS_SEARCH_USER_PATHS = NO;
				CLANG_ANALYZER_NONNULL = YES;
				CLANG_CXX_LANGUAGE_STANDARD = "gnu++0x";
				CLANG_CXX_LIBRARY = "libc++";
				CLANG_ENABLE_MODULES = YES;
				CLANG_ENABLE_OBJC_ARC = YES;
				CLANG_WARN_BOOL_CONVERSION = YES;
				CLANG_WARN_CONSTANT_CONVERSION = YES;
				CLANG_WARN_DIRECT_OBJC_ISA_USAGE = YES_ERROR;
				CLANG_WARN_EMPTY_BODY = YES;
				CLANG_WARN_ENUM_CONVERSION = YES;
				CLANG_WARN_INT_CONVERSION = YES;
				CLANG_WARN_OBJC_ROOT_CLASS = YES_ERROR;
				CLANG_WARN_UNREACHABLE_CODE = YES;
				CLANG_WARN__DUPLICATE_METHOD_MATCH = YES;
				CODE_SIGN_IDENTITY = "-";
				COPY_PHASE_STRIP = NO;
				DEBUG_INFORMATION_FORMAT = "dwarf-with-dsym";
				ENABLE_NS_ASSERTIONS = NO;
				ENABLE_STRICT_OBJC_MSGSEND = YES;
				GCC_C_LANGUAGE_STANDARD = gnu99;
				GCC_NO_COMMON_BLOCKS = YES;
				GCC_WARN_64_TO_32_BIT_CONVERSION = YES;
				GCC_WARN_ABOUT_RETURN_TYPE = YES_ERROR;
				GCC_WARN_UNDECLARED_SELECTOR = YES;
				GCC_WARN_UNINITIALIZED_AUTOS = YES_AGGRESSIVE;
				GCC_WARN_UNUSED_FUNCTION = YES;
				GCC_WARN_UNUSED_VARIABLE = YES;
				MACOSX_DEPLOYMENT_TARGET = 10.11;
				MTL_ENABLE_DEBUG_INFO = NO;
				SDKROOT = macosx;
			};
			name = Release;
		};
		2928A6EE1CAC12220071D5BB /* Debug */ = {
			isa = XCBuildConfiguration;
			buildSettings = {
				PRODUCT_NAME = "$(TARGET_NAME)";
			};
			name = Debug;
		};
		2928A6EF1CAC12220071D5BB /* Release */ = {
			isa = XCBuildConfiguration;
			buildSettings = {
				PRODUCT_NAME = "$(TARGET_NAME)";
			};
			name = Release;
		};
/* End XCBuildConfiguration section */

/* Begin XCConfigurationList section */
		2928A6E11CAC12220071D5BB /* Build configuration list for PBXProject "LabWork23" */ = {
			isa = XCConfigurationList;
			buildConfigurations = (
				2928A6EB1CAC12220071D5BB /* Debug */,
				2928A6EC1CAC12220071D5BB /* Release */,
			);
			defaultConfigurationIsVisible = 0;
			defaultConfigurationName = Release;
		};
		2928A6ED1CAC12220071D5BB /* Build configuration list for PBXNativeTarget "LabWork23" */ = {
			isa = XCConfigurationList;
			buildConfigurations = (
				2928A6EE1CAC12220071D5BB /* Debug */,
				2928A6EF1CAC12220071D5BB /* Release */,
			);
			defaultConfigurationIsVisible = 0;
		};
/* End XCConfigurationList section */
	};
	rootObject = 2928A6DE1CAC12220071D5BB /* Project object */;
}
