// !$*UTF8*$!
{
	archiveVersion = 1;
	classes = {
	};
	objectVersion = 46;
	objects = {

/* Begin PBXBuildFile section */
		29B0A8E71CD0F752005B3121 /* Person.cpp in Sources */ = {isa = PBXBuildFile; fileRef = 29B0A8E41CD0F752005B3121 /* Person.cpp */; };
		29B0A8E81CD0F752005B3121 /* Source.cpp in Sources */ = {isa = PBXBuildFile; fileRef = 29B0A8E61CD0F752005B3121 /* Source.cpp */; };
/* End PBXBuildFile section */

/* Begin PBXCopyFilesBuildPhase section */
		29B0A8D81CD0F6F3005B3121 /* CopyFiles */ = {
			isa = PBXCopyFilesBuildPhase;
			buildActionMask = 2147483647;
			dstPath = /usr/share/man/man1/;
			dstSubfolderSpec = 0;
			files = (
			);
			runOnlyForDeploymentPostprocessing = 1;
		};
/* End PBXCopyFilesBuildPhase section */

/* Begin PBXFileReference section */
		29B0A8DA1CD0F6F3005B3121 /* LabWork33 */ = {isa = PBXFileReference; explicitFileType = "compiled.mach-o.executable"; includeInIndex = 0; path = LabWork33; sourceTree = BUILT_PRODUCTS_DIR; };
		29B0A8E41CD0F752005B3121 /* Person.cpp */ = {isa = PBXFileReference; fileEncoding = 4; lastKnownFileType = sourcecode.cpp.cpp; path = Person.cpp; sourceTree = "<group>"; };
		29B0A8E51CD0F752005B3121 /* Person.h */ = {isa = PBXFileReference; fileEncoding = 4; lastKnownFileType = sourcecode.c.h; path = Person.h; sourceTree = "<group>"; };
		29B0A8E61CD0F752005B3121 /* Source.cpp */ = {isa = PBXFileReference; fileEncoding = 4; lastKnownFileType = sourcecode.cpp.cpp; path = Source.cpp; sourceTree = "<group>"; };
/* End PBXFileReference section */

/* Begin PBXFrameworksBuildPhase section */
		29B0A8D71CD0F6F3005B3121 /* Frameworks */ = {
			isa = PBXFrameworksBuildPhase;
			buildActionMask = 2147483647;
			files = (
			);
			runOnlyForDeploymentPostprocessing = 0;
		};
/* End PBXFrameworksBuildPhase section */

/* Begin PBXGroup section */
		29B0A8D11CD0F6F3005B3121 = {
			isa = PBXGroup;
			children = (
				29B0A8DC1CD0F6F3005B3121 /* LabWork33 */,
				29B0A8DB1CD0F6F3005B3121 /* Products */,
			);
			sourceTree = "<group>";
		};
		29B0A8DB1CD0F6F3005B3121 /* Products */ = {
			isa = PBXGroup;
			children = (
				29B0A8DA1CD0F6F3005B3121 /* LabWork33 */,
			);
			name = Products;
			sourceTree = "<group>";
		};
		29B0A8DC1CD0F6F3005B3121 /* LabWork33 */ = {
			isa = PBXGroup;
			children = (
				29B0A8E41CD0F752005B3121 /* Person.cpp */,
				29B0A8E51CD0F752005B3121 /* Person.h */,
				29B0A8E61CD0F752005B3121 /* Source.cpp */,
			);
			path = LabWork33;
			sourceTree = "<group>";
		};
/* End PBXGroup section */

/* Begin PBXNativeTarget section */
		29B0A8D91CD0F6F3005B3121 /* LabWork33 */ = {
			isa = PBXNativeTarget;
			buildConfigurationList = 29B0A8E11CD0F6F3005B3121 /* Build configuration list for PBXNativeTarget "LabWork33" */;
			buildPhases = (
				29B0A8D61CD0F6F3005B3121 /* Sources */,
				29B0A8D71CD0F6F3005B3121 /* Frameworks */,
				29B0A8D81CD0F6F3005B3121 /* CopyFiles */,
			);
			buildRules = (
			);
			dependencies = (
			);
			name = LabWork33;
			productName = LabWork33;
			productReference = 29B0A8DA1CD0F6F3005B3121 /* LabWork33 */;
			productType = "com.apple.product-type.tool";
		};
/* End PBXNativeTarget section */

/* Begin PBXProject section */
		29B0A8D21CD0F6F3005B3121 /* Project object */ = {
			isa = PBXProject;
			attributes = {
				LastUpgradeCheck = 0730;
				ORGANIZATIONNAME = "Julian Tiu";
				TargetAttributes = {
					29B0A8D91CD0F6F3005B3121 = {
						CreatedOnToolsVersion = 7.3;
					};
				};
			};
			buildConfigurationList = 29B0A8D51CD0F6F3005B3121 /* Build configuration list for PBXProject "LabWork33" */;
			compatibilityVersion = "Xcode 3.2";
			developmentRegion = English;
			hasScannedForEncodings = 0;
			knownRegions = (
				en,
			);
			mainGroup = 29B0A8D11CD0F6F3005B3121;
			productRefGroup = 29B0A8DB1CD0F6F3005B3121 /* Products */;
			projectDirPath = "";
			projectRoot = "";
			targets = (
				29B0A8D91CD0F6F3005B3121 /* LabWork33 */,
			);
		};
/* End PBXProject section */

/* Begin PBXSourcesBuildPhase section */
		29B0A8D61CD0F6F3005B3121 /* Sources */ = {
			isa = PBXSourcesBuildPhase;
			buildActionMask = 2147483647;
			files = (
				29B0A8E81CD0F752005B3121 /* Source.cpp in Sources */,
				29B0A8E71CD0F752005B3121 /* Person.cpp in Sources */,
			);
			runOnlyForDeploymentPostprocessing = 0;
		};
/* End PBXSourcesBuildPhase section */

/* Begin XCBuildConfiguration section */
		29B0A8DF1CD0F6F3005B3121 /* Debug */ = {
			isa = XCBuildConfiguration;
			buildSettings = {
				ALWAYS_SEARCH_USER_PATHS = NO;
				CLANG_ANALYZER_NONNULL = YES;
				CLANG_CXX_LANGUAGE_STANDARD = "gnu++0x";
				CLANG_CXX_LIBRARY = "libc++";
				CLANG_ENABLE_MODULES = YES;
				CLANG_ENABLE_OBJC_ARC = YES;
				CLANG_WARN_BOOL_CONVERSION = YES;
				CLANG_WARN_CONSTANT_CONVERSION = YES;
				CLANG_WARN_DIRECT_OBJC_ISA_USAGE = YES_ERROR;
				CLANG_WARN_EMPTY_BODY = YES;
				CLANG_WARN_ENUM_CONVERSION = YES;
				CLANG_WARN_INT_CONVERSION = YES;
				CLANG_WARN_OBJC_ROOT_CLASS = YES_ERROR;
				CLANG_WARN_UNREACHABLE_CODE = YES;
				CLANG_WARN__DUPLICATE_METHOD_MATCH = YES;
				CODE_SIGN_IDENTITY = "-";
				COPY_PHASE_STRIP = NO;
				DEBUG_INFORMATION_FORMAT = dwarf;
				ENABLE_STRICT_OBJC_MSGSEND = YES;
				ENABLE_TESTABILITY = YES;
				GCC_C_LANGUAGE_STANDARD = gnu99;
				GCC_DYNAMIC_NO_PIC = NO;
				GCC_NO_COMMON_BLOCKS = YES;
				GCC_OPTIMIZATION_LEVEL = 0;
				GCC_PREPROCESSOR_DEFINITIONS = (
					"DEBUG=1",
					"$(inherited)",
				);
				GCC_WARN_64_TO_32_BIT_CONVERSION = YES;
				GCC_WARN_ABOUT_RETURN_TYPE = YES_ERROR;
				GCC_WARN_UNDECLARED_SELECTOR = YES;
				GCC_WARN_UNINITIALIZED_AUTOS = YES_AGGRESSIVE;
				GCC_WARN_UNUSED_FUNCTION = YES;
				GCC_WARN_UNUSED_VARIABLE = YES;
				MACOSX_DEPLOYMENT_TARGET = 10.11;
				MTL_ENABLE_DEBUG_INFO = YES;
				ONLY_ACTIVE_ARCH = YES;
				SDKROOT = macosx;
			};
			name = Debug;
		};
		29B0A8E01CD0F6F3005B3121 /* Release */ = {
			isa = XCBuildConfiguration;
			buildSettings = {
				ALWAYS_SEARCH_USER_PATHS = NO;
				CLANG_ANALYZER_NONNULL = YES;
				CLANG_CXX_LANGUAGE_STANDARD = "gnu++0x";
				CLANG_CXX_LIBRARY = "libc++";
				CLANG_ENABLE_MODULES = YES;
				CLANG_ENABLE_OBJC_ARC = YES;
				CLANG_WARN_BOOL_CONVERSION = YES;
				CLANG_WARN_CONSTANT_CONVERSION = YES;
				CLANG_WARN_DIRECT_OBJC_ISA_USAGE = YES_ERROR;
				CLANG_WARN_EMPTY_BODY = YES;
				CLANG_WARN_ENUM_CONVERSION = YES;
				CLANG_WARN_INT_CONVERSION = YES;
				CLANG_WARN_OBJC_ROOT_CLASS = YES_ERROR;
				CLANG_WARN_UNREACHABLE_CODE = YES;
				CLANG_WARN__DUPLICATE_METHOD_MATCH = YES;
				CODE_SIGN_IDENTITY = "-";
				COPY_PHASE_STRIP = NO;
				DEBUG_INFORMATION_FORMAT = "dwarf-with-dsym";
				ENABLE_NS_ASSERTIONS = NO;
				ENABLE_STRICT_OBJC_MSGSEND = YES;
				GCC_C_LANGUAGE_STANDARD = gnu99;
				GCC_NO_COMMON_BLOCKS = YES;
				GCC_WARN_64_TO_32_BIT_CONVERSION = YES;
				GCC_WARN_ABOUT_RETURN_TYPE = YES_ERROR;
				GCC_WARN_UNDECLARED_SELECTOR = YES;
				GCC_WARN_UNINITIALIZED_AUTOS = YES_AGGRESSIVE;
				GCC_WARN_UNUSED_FUNCTION = YES;
				GCC_WARN_UNUSED_VARIABLE = YES;
				MACOSX_DEPLOYMENT_TARGET = 10.11;
				MTL_ENABLE_DEBUG_INFO = NO;
				SDKROOT = macosx;
			};
			name = Release;
		};
		29B0A8E21CD0F6F3005B3121 /* Debug */ = {
			isa = XCBuildConfiguration;
			buildSettings = {
				PRODUCT_NAME = "$(TARGET_NAME)";
			};
			name = Debug;
		};
		29B0A8E31CD0F6F3005B3121 /* Release */ = {
			isa = XCBuildConfiguration;
			buildSettings = {
				PRODUCT_NAME = "$(TARGET_NAME)";
			};
			name = Release;
		};
/* End XCBuildConfiguration section */

/* Begin XCConfigurationList section */
		29B0A8D51CD0F6F3005B3121 /* Build configuration list for PBXProject "LabWork33" */ = {
			isa = XCConfigurationList;
			buildConfigurations = (
				29B0A8DF1CD0F6F3005B3121 /* Debug */,
				29B0A8E01CD0F6F3005B3121 /* Release */,
			);
			defaultConfigurationIsVisible = 0;
			defaultConfigurationName = Release;
		};
		29B0A8E11CD0F6F3005B3121 /* Build configuration list for PBXNativeTarget "LabWork33" */ = {
			isa = XCConfigurationList;
			buildConfigurations = (
				29B0A8E21CD0F6F3005B3121 /* Debug */,
				29B0A8E31CD0F6F3005B3121 /* Release */,
			);
			defaultConfigurationIsVisible = 0;
		};
/* End XCConfigurationList section */
	};
	rootObject = 29B0A8D21CD0F6F3005B3121 /* Project object */;
}
